// !$*UTF8*$!
{
	archiveVersion = 1;
	classes = {
	};
	objectVersion = 55;
	objects = {

/* Begin PBXBuildFile section */
		5222F64828413F6F009FD06A /* CheckField.swift in Sources */ = {isa = PBXBuildFile; fileRef = 5222F64728413F6F009FD06A /* CheckField.swift */; };
		5222F64A284145E2009FD06A /* Service.swift in Sources */ = {isa = PBXBuildFile; fileRef = 5222F649284145E2009FD06A /* Service.swift */; };
		52994F4428280E3700AEC7E8 /* AppDelegate.swift in Sources */ = {isa = PBXBuildFile; fileRef = 52994F4328280E3700AEC7E8 /* AppDelegate.swift */; };
		52994F4628280E3700AEC7E8 /* SceneDelegate.swift in Sources */ = {isa = PBXBuildFile; fileRef = 52994F4528280E3700AEC7E8 /* SceneDelegate.swift */; };
		52994F4B28280E3700AEC7E8 /* Main.storyboard in Resources */ = {isa = PBXBuildFile; fileRef = 52994F4928280E3700AEC7E8 /* Main.storyboard */; };
		52994F4D28280E3B00AEC7E8 /* Assets.xcassets in Resources */ = {isa = PBXBuildFile; fileRef = 52994F4C28280E3B00AEC7E8 /* Assets.xcassets */; };
		52994F5028280E3B00AEC7E8 /* LaunchScreen.storyboard in Resources */ = {isa = PBXBuildFile; fileRef = 52994F4E28280E3B00AEC7E8 /* LaunchScreen.storyboard */; };
		52994F5828280FA700AEC7E8 /* GoogleService-Info.plist in Resources */ = {isa = PBXBuildFile; fileRef = 52994F5728280FA700AEC7E8 /* GoogleService-Info.plist */; };
		52994F5B2828113300AEC7E8 /* FirebaseAuth in Frameworks */ = {isa = PBXBuildFile; productRef = 52994F5A2828113300AEC7E8 /* FirebaseAuth */; };
		52994F5D2828113300AEC7E8 /* FirebaseDatabase in Frameworks */ = {isa = PBXBuildFile; productRef = 52994F5C2828113300AEC7E8 /* FirebaseDatabase */; };
		52994F5F2828113300AEC7E8 /* FirebaseMessaging in Frameworks */ = {isa = PBXBuildFile; productRef = 52994F5E2828113300AEC7E8 /* FirebaseMessaging */; };
		52994F612828113300AEC7E8 /* FirebaseStorage in Frameworks */ = {isa = PBXBuildFile; productRef = 52994F602828113300AEC7E8 /* FirebaseStorage */; };
		52994F662828172300AEC7E8 /* LoginViewController.swift in Sources */ = {isa = PBXBuildFile; fileRef = 52994F652828172300AEC7E8 /* LoginViewController.swift */; };
		52994F73282836B300AEC7E8 /* SlideCollectionViewCell.swift in Sources */ = {isa = PBXBuildFile; fileRef = 52994F71282836B300AEC7E8 /* SlideCollectionViewCell.swift */; };
		52994F74282836B300AEC7E8 /* SlideCollectionViewCell.xib in Resources */ = {isa = PBXBuildFile; fileRef = 52994F72282836B300AEC7E8 /* SlideCollectionViewCell.xib */; };
		529FAD0D2829522700305245 /* Model.swift in Sources */ = {isa = PBXBuildFile; fileRef = 529FAD0C2829522700305245 /* Model.swift */; };
		529FAD11282C269300305245 /* SlideClass.swift in Sources */ = {isa = PBXBuildFile; fileRef = 529FAD10282C269300305245 /* SlideClass.swift */; };
		529FAD13282C283C00305245 /* RegViewController.swift in Sources */ = {isa = PBXBuildFile; fileRef = 529FAD12282C283C00305245 /* RegViewController.swift */; };
		529FAD15282C284A00305245 /* SignViewController.swift in Sources */ = {isa = PBXBuildFile; fileRef = 529FAD14282C284A00305245 /* SignViewController.swift */; };
		529FAD17282C29B300305245 /* AppViewController.swift in Sources */ = {isa = PBXBuildFile; fileRef = 529FAD16282C29B300305245 /* AppViewController.swift */; };
		52AC360428425F5F00545B22 /* FirebaseFirestore in Frameworks */ = {isa = PBXBuildFile; productRef = 52AC360328425F5F00545B22 /* FirebaseFirestore */; };
		52AC360B2843B67000545B22 /* UsersViewController.swift in Sources */ = {isa = PBXBuildFile; fileRef = 52AC360A2843B67000545B22 /* UsersViewController.swift */; };
		52AC36102843B72000545B22 /* UserCellTableViewCell.swift in Sources */ = {isa = PBXBuildFile; fileRef = 52AC360E2843B72000545B22 /* UserCellTableViewCell.swift */; };
		52AC36112843B72000545B22 /* UserCellTableViewCell.xib in Resources */ = {isa = PBXBuildFile; fileRef = 52AC360F2843B72000545B22 /* UserCellTableViewCell.xib */; };
		52AC36142846888000545B22 /* MessageKit in Frameworks */ = {isa = PBXBuildFile; productRef = 52AC36132846888000545B22 /* MessageKit */; };
/* End PBXBuildFile section */

/* Begin PBXFileReference section */
		5222F64728413F6F009FD06A /* CheckField.swift */ = {isa = PBXFileReference; lastKnownFileType = sourcecode.swift; path = CheckField.swift; sourceTree = "<group>"; };
		5222F649284145E2009FD06A /* Service.swift */ = {isa = PBXFileReference; lastKnownFileType = sourcecode.swift; path = Service.swift; sourceTree = "<group>"; };
		52994F4028280E3600AEC7E8 /* ReadWrite_Firebase.app */ = {isa = PBXFileReference; explicitFileType = wrapper.application; includeInIndex = 0; path = ReadWrite_Firebase.app; sourceTree = BUILT_PRODUCTS_DIR; };
		52994F4328280E3700AEC7E8 /* AppDelegate.swift */ = {isa = PBXFileReference; lastKnownFileType = sourcecode.swift; path = AppDelegate.swift; sourceTree = "<group>"; };
		52994F4528280E3700AEC7E8 /* SceneDelegate.swift */ = {isa = PBXFileReference; lastKnownFileType = sourcecode.swift; path = SceneDelegate.swift; sourceTree = "<group>"; };
		52994F4A28280E3700AEC7E8 /* Base */ = {isa = PBXFileReference; lastKnownFileType = file.storyboard; name = Base; path = Base.lproj/Main.storyboard; sourceTree = "<group>"; };
		52994F4C28280E3B00AEC7E8 /* Assets.xcassets */ = {isa = PBXFileReference; lastKnownFileType = folder.assetcatalog; path = Assets.xcassets; sourceTree = "<group>"; };
		52994F4F28280E3B00AEC7E8 /* Base */ = {isa = PBXFileReference; lastKnownFileType = file.storyboard; name = Base; path = Base.lproj/LaunchScreen.storyboard; sourceTree = "<group>"; };
		52994F5128280E3B00AEC7E8 /* Info.plist */ = {isa = PBXFileReference; lastKnownFileType = text.plist.xml; path = Info.plist; sourceTree = "<group>"; };
		52994F5728280FA700AEC7E8 /* GoogleService-Info.plist */ = {isa = PBXFileReference; fileEncoding = 4; lastKnownFileType = text.plist.xml; path = "GoogleService-Info.plist"; sourceTree = "<group>"; };
		52994F652828172300AEC7E8 /* LoginViewController.swift */ = {isa = PBXFileReference; lastKnownFileType = sourcecode.swift; path = LoginViewController.swift; sourceTree = "<group>"; };
		52994F71282836B300AEC7E8 /* SlideCollectionViewCell.swift */ = {isa = PBXFileReference; lastKnownFileType = sourcecode.swift; path = SlideCollectionViewCell.swift; sourceTree = "<group>"; };
		52994F72282836B300AEC7E8 /* SlideCollectionViewCell.xib */ = {isa = PBXFileReference; lastKnownFileType = file.xib; path = SlideCollectionViewCell.xib; sourceTree = "<group>"; };
		529FAD0C2829522700305245 /* Model.swift */ = {isa = PBXFileReference; lastKnownFileType = sourcecode.swift; path = Model.swift; sourceTree = "<group>"; };
		529FAD10282C269300305245 /* SlideClass.swift */ = {isa = PBXFileReference; lastKnownFileType = sourcecode.swift; path = SlideClass.swift; sourceTree = "<group>"; };
		529FAD12282C283C00305245 /* RegViewController.swift */ = {isa = PBXFileReference; lastKnownFileType = sourcecode.swift; path = RegViewController.swift; sourceTree = "<group>"; };
		529FAD14282C284A00305245 /* SignViewController.swift */ = {isa = PBXFileReference; lastKnownFileType = sourcecode.swift; path = SignViewController.swift; sourceTree = "<group>"; };
		529FAD16282C29B300305245 /* AppViewController.swift */ = {isa = PBXFileReference; lastKnownFileType = sourcecode.swift; path = AppViewController.swift; sourceTree = "<group>"; };
		52AC360A2843B67000545B22 /* UsersViewController.swift */ = {isa = PBXFileReference; lastKnownFileType = sourcecode.swift; path = UsersViewController.swift; sourceTree = "<group>"; };
		52AC360E2843B72000545B22 /* UserCellTableViewCell.swift */ = {isa = PBXFileReference; lastKnownFileType = sourcecode.swift; path = UserCellTableViewCell.swift; sourceTree = "<group>"; };
		52AC360F2843B72000545B22 /* UserCellTableViewCell.xib */ = {isa = PBXFileReference; lastKnownFileType = file.xib; path = UserCellTableViewCell.xib; sourceTree = "<group>"; };
/* End PBXFileReference section */

/* Begin PBXFrameworksBuildPhase section */
		52994F3D28280E3600AEC7E8 /* Frameworks */ = {
			isa = PBXFrameworksBuildPhase;
			buildActionMask = 2147483647;
			files = (
				52994F5F2828113300AEC7E8 /* FirebaseMessaging in Frameworks */,
				52994F612828113300AEC7E8 /* FirebaseStorage in Frameworks */,
				52994F5D2828113300AEC7E8 /* FirebaseDatabase in Frameworks */,
				52AC36142846888000545B22 /* MessageKit in Frameworks */,
				52AC360428425F5F00545B22 /* FirebaseFirestore in Frameworks */,
				52994F5B2828113300AEC7E8 /* FirebaseAuth in Frameworks */,
			);
			runOnlyForDeploymentPostprocessing = 0;
		};
/* End PBXFrameworksBuildPhase section */

/* Begin PBXGroup section */
		52994F3728280E3600AEC7E8 = {
			isa = PBXGroup;
			children = (
				52994F4228280E3600AEC7E8 /* ReadWrite_Firebase */,
				52994F4128280E3600AEC7E8 /* Products */,
			);
			sourceTree = "<group>";
		};
		52994F4128280E3600AEC7E8 /* Products */ = {
			isa = PBXGroup;
			children = (
				52994F4028280E3600AEC7E8 /* ReadWrite_Firebase.app */,
			);
			name = Products;
			sourceTree = "<group>";
		};
		52994F4228280E3600AEC7E8 /* ReadWrite_Firebase */ = {
			isa = PBXGroup;
			children = (
				52994F64282814DF00AEC7E8 /* Controller */,
				52994F63282814DA00AEC7E8 /* View */,
				52994F62282814C800AEC7E8 /* Model */,
				52994F4328280E3700AEC7E8 /* AppDelegate.swift */,
				52994F4528280E3700AEC7E8 /* SceneDelegate.swift */,
				52994F4928280E3700AEC7E8 /* Main.storyboard */,
				52994F4C28280E3B00AEC7E8 /* Assets.xcassets */,
				52994F4E28280E3B00AEC7E8 /* LaunchScreen.storyboard */,
				52994F5728280FA700AEC7E8 /* GoogleService-Info.plist */,
				52994F5128280E3B00AEC7E8 /* Info.plist */,
			);
			path = ReadWrite_Firebase;
			sourceTree = "<group>";
		};
		52994F62282814C800AEC7E8 /* Model */ = {
			isa = PBXGroup;
			children = (
				529FAD0C2829522700305245 /* Model.swift */,
				529FAD10282C269300305245 /* SlideClass.swift */,
				5222F64728413F6F009FD06A /* CheckField.swift */,
				5222F649284145E2009FD06A /* Service.swift */,
			);
			path = Model;
			sourceTree = "<group>";
		};
		52994F63282814DA00AEC7E8 /* View */ = {
			isa = PBXGroup;
			children = (
				52AC360D2843B6EA00545B22 /* Users */,
				52994F69282835AE00AEC7E8 /* Slide */,
			);
			path = View;
			sourceTree = "<group>";
		};
		52994F64282814DF00AEC7E8 /* Controller */ = {
			isa = PBXGroup;
			children = (
				52994F682828173F00AEC7E8 /* App */,
				52994F672828173500AEC7E8 /* Login */,
			);
			path = Controller;
			sourceTree = "<group>";
		};
		52994F672828173500AEC7E8 /* Login */ = {
			isa = PBXGroup;
			children = (
				52994F652828172300AEC7E8 /* LoginViewController.swift */,
				529FAD12282C283C00305245 /* RegViewController.swift */,
				529FAD14282C284A00305245 /* SignViewController.swift */,
			);
			path = Login;
			sourceTree = "<group>";
		};
		52994F682828173F00AEC7E8 /* App */ = {
			isa = PBXGroup;
			children = (
				52AC36092843B60800545B22 /* Message */,
				52AC36052843B5AC00545B22 /* Users */,
				529FAD16282C29B300305245 /* AppViewController.swift */,
			);
			path = App;
			sourceTree = "<group>";
		};
		52994F69282835AE00AEC7E8 /* Slide */ = {
			isa = PBXGroup;
			children = (
				52994F71282836B300AEC7E8 /* SlideCollectionViewCell.swift */,
				52994F72282836B300AEC7E8 /* SlideCollectionViewCell.xib */,
			);
			path = Slide;
			sourceTree = "<group>";
		};
		52AC36052843B5AC00545B22 /* Users */ = {
			isa = PBXGroup;
			children = (
				52AC360A2843B67000545B22 /* UsersViewController.swift */,
			);
			path = Users;
			sourceTree = "<group>";
		};
		52AC36092843B60800545B22 /* Message */ = {
			isa = PBXGroup;
			children = (
			);
			path = Message;
			sourceTree = "<group>";
		};
		52AC360D2843B6EA00545B22 /* Users */ = {
			isa = PBXGroup;
			children = (
				52AC360E2843B72000545B22 /* UserCellTableViewCell.swift */,
				52AC360F2843B72000545B22 /* UserCellTableViewCell.xib */,
			);
			path = Users;
			sourceTree = "<group>";
		};
/* End PBXGroup section */

/* Begin PBXNativeTarget section */
		52994F3F28280E3600AEC7E8 /* ReadWrite_Firebase */ = {
			isa = PBXNativeTarget;
			buildConfigurationList = 52994F5428280E3B00AEC7E8 /* Build configuration list for PBXNativeTarget "ReadWrite_Firebase" */;
			buildPhases = (
				52994F3C28280E3600AEC7E8 /* Sources */,
				52994F3D28280E3600AEC7E8 /* Frameworks */,
				52994F3E28280E3600AEC7E8 /* Resources */,
			);
			buildRules = (
			);
			dependencies = (
			);
			name = ReadWrite_Firebase;
			packageProductDependencies = (
				52994F5A2828113300AEC7E8 /* FirebaseAuth */,
				52994F5C2828113300AEC7E8 /* FirebaseDatabase */,
				52994F5E2828113300AEC7E8 /* FirebaseMessaging */,
				52994F602828113300AEC7E8 /* FirebaseStorage */,
				52AC360328425F5F00545B22 /* FirebaseFirestore */,
				52AC36132846888000545B22 /* MessageKit */,
			);
			productName = ReadWrite_Firebase;
			productReference = 52994F4028280E3600AEC7E8 /* ReadWrite_Firebase.app */;
			productType = "com.apple.product-type.application";
		};
/* End PBXNativeTarget section */

/* Begin PBXProject section */
		52994F3828280E3600AEC7E8 /* Project object */ = {
			isa = PBXProject;
			attributes = {
				BuildIndependentTargetsInParallel = 1;
				LastSwiftUpdateCheck = 1330;
				LastUpgradeCheck = 1330;
				TargetAttributes = {
					52994F3F28280E3600AEC7E8 = {
						CreatedOnToolsVersion = 13.3.1;
					};
				};
			};
			buildConfigurationList = 52994F3B28280E3600AEC7E8 /* Build configuration list for PBXProject "ReadWrite_Firebase" */;
			compatibilityVersion = "Xcode 13.0";
			developmentRegion = en;
			hasScannedForEncodings = 0;
			knownRegions = (
				en,
				Base,
			);
			mainGroup = 52994F3728280E3600AEC7E8;
			packageReferences = (
				52994F592828113300AEC7E8 /* XCRemoteSwiftPackageReference "firebase-ios-sdk" */,
				52AC360228425F5F00545B22 /* XCRemoteSwiftPackageReference "firebase-ios-sdk" */,
				52AC36122846888000545B22 /* XCRemoteSwiftPackageReference "MessageKit" */,
			);
			productRefGroup = 52994F4128280E3600AEC7E8 /* Products */;
			projectDirPath = "";
			projectRoot = "";
			targets = (
				52994F3F28280E3600AEC7E8 /* ReadWrite_Firebase */,
			);
		};
/* End PBXProject section */

/* Begin PBXResourcesBuildPhase section */
		52994F3E28280E3600AEC7E8 /* Resources */ = {
			isa = PBXResourcesBuildPhase;
			buildActionMask = 2147483647;
			files = (
				52AC36112843B72000545B22 /* UserCellTableViewCell.xib in Resources */,
				52994F5028280E3B00AEC7E8 /* LaunchScreen.storyboard in Resources */,
				52994F74282836B300AEC7E8 /* SlideCollectionViewCell.xib in Resources */,
				52994F5828280FA700AEC7E8 /* GoogleService-Info.plist in Resources */,
				52994F4D28280E3B00AEC7E8 /* Assets.xcassets in Resources */,
				52994F4B28280E3700AEC7E8 /* Main.storyboard in Resources */,
			);
			runOnlyForDeploymentPostprocessing = 0;
		};
/* End PBXResourcesBuildPhase section */

/* Begin PBXSourcesBuildPhase section */
		52994F3C28280E3600AEC7E8 /* Sources */ = {
			isa = PBXSourcesBuildPhase;
			buildActionMask = 2147483647;
			files = (
				529FAD11282C269300305245 /* SlideClass.swift in Sources */,
				52AC360B2843B67000545B22 /* UsersViewController.swift in Sources */,
				529FAD0D2829522700305245 /* Model.swift in Sources */,
				52994F73282836B300AEC7E8 /* SlideCollectionViewCell.swift in Sources */,
				5222F64828413F6F009FD06A /* CheckField.swift in Sources */,
				529FAD15282C284A00305245 /* SignViewController.swift in Sources */,
				52994F662828172300AEC7E8 /* LoginViewController.swift in Sources */,
				52994F4428280E3700AEC7E8 /* AppDelegate.swift in Sources */,
				529FAD17282C29B300305245 /* AppViewController.swift in Sources */,
				5222F64A284145E2009FD06A /* Service.swift in Sources */,
				52994F4628280E3700AEC7E8 /* SceneDelegate.swift in Sources */,
				529FAD13282C283C00305245 /* RegViewController.swift in Sources */,
				52AC36102843B72000545B22 /* UserCellTableViewCell.swift in Sources */,
			);
			runOnlyForDeploymentPostprocessing = 0;
		};
/* End PBXSourcesBuildPhase section */

/* Begin PBXVariantGroup section */
		52994F4928280E3700AEC7E8 /* Main.storyboard */ = {
			isa = PBXVariantGroup;
			children = (
				52994F4A28280E3700AEC7E8 /* Base */,
			);
			name = Main.storyboard;
			sourceTree = "<group>";
		};
		52994F4E28280E3B00AEC7E8 /* LaunchScreen.storyboard */ = {
			isa = PBXVariantGroup;
			children = (
				52994F4F28280E3B00AEC7E8 /* Base */,
			);
			name = LaunchScreen.storyboard;
			sourceTree = "<group>";
		};
/* End PBXVariantGroup section */

/* Begin XCBuildConfiguration section */
		52994F5228280E3B00AEC7E8 /* Debug */ = {
			isa = XCBuildConfiguration;
			buildSettings = {
				ALWAYS_SEARCH_USER_PATHS = NO;
				CLANG_ANALYZER_NONNULL = YES;
				CLANG_ANALYZER_NUMBER_OBJECT_CONVERSION = YES_AGGRESSIVE;
				CLANG_CXX_LANGUAGE_STANDARD = "gnu++17";
				CLANG_ENABLE_MODULES = YES;
				CLANG_ENABLE_OBJC_ARC = YES;
				CLANG_ENABLE_OBJC_WEAK = YES;
				CLANG_WARN_BLOCK_CAPTURE_AUTORELEASING = YES;
				CLANG_WARN_BOOL_CONVERSION = YES;
				CLANG_WARN_COMMA = YES;
				CLANG_WARN_CONSTANT_CONVERSION = YES;
				CLANG_WARN_DEPRECATED_OBJC_IMPLEMENTATIONS = YES;
				CLANG_WARN_DIRECT_OBJC_ISA_USAGE = YES_ERROR;
				CLANG_WARN_DOCUMENTATION_COMMENTS = YES;
				CLANG_WARN_EMPTY_BODY = YES;
				CLANG_WARN_ENUM_CONVERSION = YES;
				CLANG_WARN_INFINITE_RECURSION = YES;
				CLANG_WARN_INT_CONVERSION = YES;
				CLANG_WARN_NON_LITERAL_NULL_CONVERSION = YES;
				CLANG_WARN_OBJC_IMPLICIT_RETAIN_SELF = YES;
				CLANG_WARN_OBJC_LITERAL_CONVERSION = YES;
				CLANG_WARN_OBJC_ROOT_CLASS = YES_ERROR;
				CLANG_WARN_QUOTED_INCLUDE_IN_FRAMEWORK_HEADER = YES;
				CLANG_WARN_RANGE_LOOP_ANALYSIS = YES;
				CLANG_WARN_STRICT_PROTOTYPES = YES;
				CLANG_WARN_SUSPICIOUS_MOVE = YES;
				CLANG_WARN_UNGUARDED_AVAILABILITY = YES_AGGRESSIVE;
				CLANG_WARN_UNREACHABLE_CODE = YES;
				CLANG_WARN__DUPLICATE_METHOD_MATCH = YES;
				COPY_PHASE_STRIP = NO;
				DEBUG_INFORMATION_FORMAT = dwarf;
				ENABLE_STRICT_OBJC_MSGSEND = YES;
				ENABLE_TESTABILITY = YES;
				GCC_C_LANGUAGE_STANDARD = gnu11;
				GCC_DYNAMIC_NO_PIC = NO;
				GCC_NO_COMMON_BLOCKS = YES;
				GCC_OPTIMIZATION_LEVEL = 0;
				GCC_PREPROCESSOR_DEFINITIONS = (
					"DEBUG=1",
					"$(inherited)",
				);
				GCC_WARN_64_TO_32_BIT_CONVERSION = YES;
				GCC_WARN_ABOUT_RETURN_TYPE = YES_ERROR;
				GCC_WARN_UNDECLARED_SELECTOR = YES;
				GCC_WARN_UNINITIALIZED_AUTOS = YES_AGGRESSIVE;
				GCC_WARN_UNUSED_FUNCTION = YES;
				GCC_WARN_UNUSED_VARIABLE = YES;
				IPHONEOS_DEPLOYMENT_TARGET = 15.4;
				MTL_ENABLE_DEBUG_INFO = INCLUDE_SOURCE;
				MTL_FAST_MATH = YES;
				ONLY_ACTIVE_ARCH = YES;
				SDKROOT = iphoneos;
				SWIFT_ACTIVE_COMPILATION_CONDITIONS = DEBUG;
				SWIFT_OPTIMIZATION_LEVEL = "-Onone";
			};
			name = Debug;
		};
		52994F5328280E3B00AEC7E8 /* Release */ = {
			isa = XCBuildConfiguration;
			buildSettings = {
				ALWAYS_SEARCH_USER_PATHS = NO;
				CLANG_ANALYZER_NONNULL = YES;
				CLANG_ANALYZER_NUMBER_OBJECT_CONVERSION = YES_AGGRESSIVE;
				CLANG_CXX_LANGUAGE_STANDARD = "gnu++17";
				CLANG_ENABLE_MODULES = YES;
				CLANG_ENABLE_OBJC_ARC = YES;
				CLANG_ENABLE_OBJC_WEAK = YES;
				CLANG_WARN_BLOCK_CAPTURE_AUTORELEASING = YES;
				CLANG_WARN_BOOL_CONVERSION = YES;
				CLANG_WARN_COMMA = YES;
				CLANG_WARN_CONSTANT_CONVERSION = YES;
				CLANG_WARN_DEPRECATED_OBJC_IMPLEMENTATIONS = YES;
				CLANG_WARN_DIRECT_OBJC_ISA_USAGE = YES_ERROR;
				CLANG_WARN_DOCUMENTATION_COMMENTS = YES;
				CLANG_WARN_EMPTY_BODY = YES;
				CLANG_WARN_ENUM_CONVERSION = YES;
				CLANG_WARN_INFINITE_RECURSION = YES;
				CLANG_WARN_INT_CONVERSION = YES;
				CLANG_WARN_NON_LITERAL_NULL_CONVERSION = YES;
				CLANG_WARN_OBJC_IMPLICIT_RETAIN_SELF = YES;
				CLANG_WARN_OBJC_LITERAL_CONVERSION = YES;
				CLANG_WARN_OBJC_ROOT_CLASS = YES_ERROR;
				CLANG_WARN_QUOTED_INCLUDE_IN_FRAMEWORK_HEADER = YES;
				CLANG_WARN_RANGE_LOOP_ANALYSIS = YES;
				CLANG_WARN_STRICT_PROTOTYPES = YES;
				CLANG_WARN_SUSPICIOUS_MOVE = YES;
				CLANG_WARN_UNGUARDED_AVAILABILITY = YES_AGGRESSIVE;
				CLANG_WARN_UNREACHABLE_CODE = YES;
				CLANG_WARN__DUPLICATE_METHOD_MATCH = YES;
				COPY_PHASE_STRIP = NO;
				DEBUG_INFORMATION_FORMAT = "dwarf-with-dsym";
				ENABLE_NS_ASSERTIONS = NO;
				ENABLE_STRICT_OBJC_MSGSEND = YES;
				GCC_C_LANGUAGE_STANDARD = gnu11;
				GCC_NO_COMMON_BLOCKS = YES;
				GCC_WARN_64_TO_32_BIT_CONVERSION = YES;
				GCC_WARN_ABOUT_RETURN_TYPE = YES_ERROR;
				GCC_WARN_UNDECLARED_SELECTOR = YES;
				GCC_WARN_UNINITIALIZED_AUTOS = YES_AGGRESSIVE;
				GCC_WARN_UNUSED_FUNCTION = YES;
				GCC_WARN_UNUSED_VARIABLE = YES;
				IPHONEOS_DEPLOYMENT_TARGET = 15.4;
				MTL_ENABLE_DEBUG_INFO = NO;
				MTL_FAST_MATH = YES;
				SDKROOT = iphoneos;
				SWIFT_COMPILATION_MODE = wholemodule;
				SWIFT_OPTIMIZATION_LEVEL = "-O";
				VALIDATE_PRODUCT = YES;
			};
			name = Release;
		};
		52994F5528280E3B00AEC7E8 /* Debug */ = {
			isa = XCBuildConfiguration;
			buildSettings = {
				ASSETCATALOG_COMPILER_APPICON_NAME = AppIcon;
				ASSETCATALOG_COMPILER_GLOBAL_ACCENT_COLOR_NAME = AccentColor;
				CODE_SIGN_STYLE = Automatic;
				CURRENT_PROJECT_VERSION = 1;
				DEVELOPMENT_TEAM = 9MWGQTB4CA;
				GENERATE_INFOPLIST_FILE = YES;
				INFOPLIST_FILE = ReadWrite_Firebase/Info.plist;
				INFOPLIST_KEY_UIApplicationSupportsIndirectInputEvents = YES;
				INFOPLIST_KEY_UILaunchStoryboardName = LaunchScreen;
				INFOPLIST_KEY_UIMainStoryboardFile = Main;
				INFOPLIST_KEY_UISupportedInterfaceOrientations = UIInterfaceOrientationPortrait;
				INFOPLIST_KEY_UISupportedInterfaceOrientations_iPad = "UIInterfaceOrientationPortrait UIInterfaceOrientationPortraitUpsideDown UIInterfaceOrientationLandscapeLeft UIInterfaceOrientationLandscapeRight";
				INFOPLIST_KEY_UISupportedInterfaceOrientations_iPhone = "UIInterfaceOrientationPortrait UIInterfaceOrientationLandscapeLeft UIInterfaceOrientationLandscapeRight";
				IPHONEOS_DEPLOYMENT_TARGET = 13.0;
				LD_RUNPATH_SEARCH_PATHS = (
					"$(inherited)",
					"@executable_path/Frameworks",
				);
				MARKETING_VERSION = 1.0;
				PRODUCT_BUNDLE_IDENTIFIER = "nelermont.ReadWrite-Firebase";
				PRODUCT_NAME = "$(TARGET_NAME)";
				SWIFT_EMIT_LOC_STRINGS = YES;
				SWIFT_VERSION = 5.0;
				TARGETED_DEVICE_FAMILY = 1;
			};
			name = Debug;
		};
		52994F5628280E3B00AEC7E8 /* Release */ = {
			isa = XCBuildConfiguration;
			buildSettings = {
				ASSETCATALOG_COMPILER_APPICON_NAME = AppIcon;
				ASSETCATALOG_COMPILER_GLOBAL_ACCENT_COLOR_NAME = AccentColor;
				CODE_SIGN_STYLE = Automatic;
				CURRENT_PROJECT_VERSION = 1;
				DEVELOPMENT_TEAM = 9MWGQTB4CA;
				GENERATE_INFOPLIST_FILE = YES;
				INFOPLIST_FILE = ReadWrite_Firebase/Info.plist;
				INFOPLIST_KEY_UIApplicationSupportsIndirectInputEvents = YES;
				INFOPLIST_KEY_UILaunchStoryboardName = LaunchScreen;
				INFOPLIST_KEY_UIMainStoryboardFile = Main;
				INFOPLIST_KEY_UISupportedInterfaceOrientations = UIInterfaceOrientationPortrait;
				INFOPLIST_KEY_UISupportedInterfaceOrientations_iPad = "UIInterfaceOrientationPortrait UIInterfaceOrientationPortraitUpsideDown UIInterfaceOrientationLandscapeLeft UIInterfaceOrientationLandscapeRight";
				INFOPLIST_KEY_UISupportedInterfaceOrientations_iPhone = "UIInterfaceOrientationPortrait UIInterfaceOrientationLandscapeLeft UIInterfaceOrientationLandscapeRight";
				IPHONEOS_DEPLOYMENT_TARGET = 13.0;
				LD_RUNPATH_SEARCH_PATHS = (
					"$(inherited)",
					"@executable_path/Frameworks",
				);
				MARKETING_VERSION = 1.0;
				PRODUCT_BUNDLE_IDENTIFIER = "nelermont.ReadWrite-Firebase";
				PRODUCT_NAME = "$(TARGET_NAME)";
				SWIFT_EMIT_LOC_STRINGS = YES;
				SWIFT_VERSION = 5.0;
				TARGETED_DEVICE_FAMILY = 1;
			};
			name = Release;
		};
/* End XCBuildConfiguration section */

/* Begin XCConfigurationList section */
		52994F3B28280E3600AEC7E8 /* Build configuration list for PBXProject "ReadWrite_Firebase" */ = {
			isa = XCConfigurationList;
			buildConfigurations = (
				52994F5228280E3B00AEC7E8 /* Debug */,
				52994F5328280E3B00AEC7E8 /* Release */,
			);
			defaultConfigurationIsVisible = 0;
			defaultConfigurationName = Release;
		};
		52994F5428280E3B00AEC7E8 /* Build configuration list for PBXNativeTarget "ReadWrite_Firebase" */ = {
			isa = XCConfigurationList;
			buildConfigurations = (
				52994F5528280E3B00AEC7E8 /* Debug */,
				52994F5628280E3B00AEC7E8 /* Release */,
			);
			defaultConfigurationIsVisible = 0;
			defaultConfigurationName = Release;
		};
/* End XCConfigurationList section */

/* Begin XCRemoteSwiftPackageReference section */
		52994F592828113300AEC7E8 /* XCRemoteSwiftPackageReference "firebase-ios-sdk" */ = {
			isa = XCRemoteSwiftPackageReference;
			repositoryURL = "https://github.com/firebase/firebase-ios-sdk";
			requirement = {
				kind = upToNextMajorVersion;
				minimumVersion = 9.0.0;
			};
		};
		52AC360228425F5F00545B22 /* XCRemoteSwiftPackageReference "firebase-ios-sdk" */ = {
			isa = XCRemoteSwiftPackageReference;
			repositoryURL = "https://github.com/firebase/firebase-ios-sdk";
			requirement = {
				branch = master;
				kind = branch;
			};
		};
		52AC36122846888000545B22 /* XCRemoteSwiftPackageReference "MessageKit" */ = {
			isa = XCRemoteSwiftPackageReference;
			repositoryURL = "https://github.com/MessageKit/MessageKit";
			requirement = {
				kind = upToNextMajorVersion;
				minimumVersion = 3.0.0;
			};
		};
/* End XCRemoteSwiftPackageReference section */

/* Begin XCSwiftPackageProductDependency section */
		52994F5A2828113300AEC7E8 /* FirebaseAuth */ = {
			isa = XCSwiftPackageProductDependency;
			package = 52994F592828113300AEC7E8 /* XCRemoteSwiftPackageReference "firebase-ios-sdk" */;
			productName = FirebaseAuth;
		};
		52994F5C2828113300AEC7E8 /* FirebaseDatabase */ = {
			isa = XCSwiftPackageProductDependency;
			package = 52994F592828113300AEC7E8 /* XCRemoteSwiftPackageReference "firebase-ios-sdk" */;
			productName = FirebaseDatabase;
		};
		52994F5E2828113300AEC7E8 /* FirebaseMessaging */ = {
			isa = XCSwiftPackageProductDependency;
			package = 52994F592828113300AEC7E8 /* XCRemoteSwiftPackageReference "firebase-ios-sdk" */;
			productName = FirebaseMessaging;
		};
		52994F602828113300AEC7E8 /* FirebaseStorage */ = {
			isa = XCSwiftPackageProductDependency;
			package = 52994F592828113300AEC7E8 /* XCRemoteSwiftPackageReference "firebase-ios-sdk" */;
			productName = FirebaseStorage;
		};
		52AC360328425F5F00545B22 /* FirebaseFirestore */ = {
			isa = XCSwiftPackageProductDependency;
			package = 52AC360228425F5F00545B22 /* XCRemoteSwiftPackageReference "firebase-ios-sdk" */;
			productName = FirebaseFirestore;
		};
		52AC36132846888000545B22 /* MessageKit */ = {
			isa = XCSwiftPackageProductDependency;
			package = 52AC36122846888000545B22 /* XCRemoteSwiftPackageReference "MessageKit" */;
			productName = MessageKit;
		};
/* End XCSwiftPackageProductDependency section */
	};
	rootObject = 52994F3828280E3600AEC7E8 /* Project object */;
}
